# THIS IS AN AUTOGENERATED FILE. DO NOT EDIT THIS FILE DIRECTLY.
# yarn lockfile v1


"@types/estree@0.0.39":
  version "0.0.39"
  resolved "https://registry.yarnpkg.com/@types/estree/-/estree-0.0.39.tgz#e177e699ee1b8c22d23174caaa7422644389509f"

"@types/node@*":
  version "10.3.1"
  resolved "https://registry.yarnpkg.com/@types/node/-/node-10.3.1.tgz#51092fbacaed768a122a293814474fbf6e5e8b6d"

rollup@^0.60.1:
  version "0.60.1"
  resolved "https://registry.yarnpkg.com/rollup/-/rollup-0.60.1.tgz#07cb66153f1541d5f7e82b8393b405c31647dae9"
  dependencies:
    "@types/estree" "0.0.39"
    "@types/node" "*"

typescript@^2.9.1:
  version "2.9.1"
  resolved "https://registry.yarnpkg.com/typescript/-/typescript-2.9.1.tgz#fdb19d2c67a15d11995fd15640e373e09ab09961"
